
Microsoft Visual Studio Solution File, Format Version 12.00
# Visual Studio Version 17
VisualStudioVersion = 17.5.002.0
MinimumVisualStudioVersion = 10.0.40219.1
Project("{2150E333-8FDC-42A3-9474-1A3956D46DE8}") = "sandbox", "sandbox", "{D180F5C9-5F4C-46A3-B686-C0F4C69A0FAB}"
EndProject
Project("{9A19103F-16F7-4668-BE54-9A1E7A4F7556}") = "sandbox_project", "sandbox\sandbox_project\sandbox_project.csproj", "{8A0244E4-B314-4B4C-93AA-4667800D5B10}"
EndProject
Project("{2150E333-8FDC-42A3-9474-1A3956D46DE8}") = "week01", "week01", "{EB681C1D-C2A9-4756-9462-22C2D8D7DA87}"
EndProject
Project("{9A19103F-16F7-4668-BE54-9A1E7A4F7556}") = "analyze", "week01\analyze\analyze.csproj", "{140D02BA-5530-41F1-BED8-B507091E6CEA}"
EndProject
Project("{9A19103F-16F7-4668-BE54-9A1E7A4F7556}") = "code", "week01\code\code.csproj", "{293A6CDE-B851-423E-BB9A-6E7D4E7D6A07}"
EndProject
Project("{9A19103F-16F7-4668-BE54-9A1E7A4F7556}") = "teach", "week01\teach\teach.csproj", "{CAD997FF-B8E9-42B0-8E95-E9DDBDCAB0AF}"
EndProject
Project("{2150E333-8FDC-42A3-9474-1A3956D46DE8}") = "week02", "week02", "{08514890-E9DF-43E4-AD59-A48318CCD152}"
EndProject
Project("{9A19103F-16F7-4668-BE54-9A1E7A4F7556}") = "analyze", "week02\analyze\analyze.csproj", "{AEF4B74C-DB3D-4F68-B4CD-1FB79E7FE2DD}"
EndProject
Project("{9A19103F-16F7-4668-BE54-9A1E7A4F7556}") = "code", "week02\code\code.csproj", "{4B3CCE64-9B4D-41F8-92AC-DF2824462553}"
EndProject
Project("{9A19103F-16F7-4668-BE54-9A1E7A4F7556}") = "learn", "week02\learn\learn.csproj", "{9CEBA004-6F6D-4259-AAF2-4E7E3C655550}"
EndProject
Project("{9A19103F-16F7-4668-BE54-9A1E7A4F7556}") = "teach", "week02\teach\teach.csproj", "{42333B13-958F-49A8-B80C-42A03B18D71F}"
EndProject
Project("{2150E333-8FDC-42A3-9474-1A3956D46DE8}") = "week03", "week03", "{A0F491FD-1189-4C91-85C7-E714E2500EB3}"
EndProject
Project("{9A19103F-16F7-4668-BE54-9A1E7A4F7556}") = "code", "week03\code\code.csproj", "{78981D3E-9E0B-4AFC-BB7C-8F169FA3F54E}"
EndProject
Project("{9A19103F-16F7-4668-BE54-9A1E7A4F7556}") = "learn", "week03\learn\learn.csproj", "{CDAFB2AA-DC49-44BC-A289-5CA9F8DEC442}"
EndProject
Project("{9A19103F-16F7-4668-BE54-9A1E7A4F7556}") = "teach", "week03\teach\teach.csproj", "{0A21402C-CCD4-4A40-8456-5D015E39DA5E}"
EndProject
Project("{2150E333-8FDC-42A3-9474-1A3956D46DE8}") = "week04", "week04", "{33C589D5-7471-49E1-A929-73724CB66A71}"
EndProject
Project("{9A19103F-16F7-4668-BE54-9A1E7A4F7556}") = "code", "week04\code\code.csproj", "{17FB16E9-461D-4C70-B7F6-5298CEFA966B}"
EndProject
Project("{2150E333-8FDC-42A3-9474-1A3956D46DE8}") = "week05", "week05", "{9C152141-300B-46CA-9C80-76B6E67030B6}"
EndProject
Project("{9A19103F-16F7-4668-BE54-9A1E7A4F7556}") = "code", "week05\code\code.csproj", "{A3C62D1E-8815-4D7A-A7AA-BEEF132EAF85}"
EndProject
Project("{2150E333-8FDC-42A3-9474-1A3956D46DE8}") = "week06", "week06", "{C154F302-B985-4C67-8F93-1CA378B29028}"
EndProject
Project("{9A19103F-16F7-4668-BE54-9A1E7A4F7556}") = "code", "week06\code\code.csproj", "{A72AF270-E469-4BFD-A08B-9C3F2673129C}"
EndProject
Global
	GlobalSection(SolutionConfigurationPlatforms) = preSolution
		Debug|Any CPU = Debug|Any CPU
		Release|Any CPU = Release|Any CPU
	EndGlobalSection
	GlobalSection(ProjectConfigurationPlatforms) = postSolution
		{8A0244E4-B314-4B4C-93AA-4667800D5B10}.Debug|Any CPU.ActiveCfg = Debug|Any CPU
		{8A0244E4-B314-4B4C-93AA-4667800D5B10}.Debug|Any CPU.Build.0 = Debug|Any CPU
		{8A0244E4-B314-4B4C-93AA-4667800D5B10}.Release|Any CPU.ActiveCfg = Release|Any CPU
		{8A0244E4-B314-4B4C-93AA-4667800D5B10}.Release|Any CPU.Build.0 = Release|Any CPU
		{140D02BA-5530-41F1-BED8-B507091E6CEA}.Debug|Any CPU.ActiveCfg = Debug|Any CPU
		{140D02BA-5530-41F1-BED8-B507091E6CEA}.Debug|Any CPU.Build.0 = Debug|Any CPU
		{140D02BA-5530-41F1-BED8-B507091E6CEA}.Release|Any CPU.ActiveCfg = Release|Any CPU
		{140D02BA-5530-41F1-BED8-B507091E6CEA}.Release|Any CPU.Build.0 = Release|Any CPU
		{293A6CDE-B851-423E-BB9A-6E7D4E7D6A07}.Debug|Any CPU.ActiveCfg = Debug|Any CPU
		{293A6CDE-B851-423E-BB9A-6E7D4E7D6A07}.Debug|Any CPU.Build.0 = Debug|Any CPU
		{293A6CDE-B851-423E-BB9A-6E7D4E7D6A07}.Release|Any CPU.ActiveCfg = Release|Any CPU
		{293A6CDE-B851-423E-BB9A-6E7D4E7D6A07}.Release|Any CPU.Build.0 = Release|Any CPU
		{CAD997FF-B8E9-42B0-8E95-E9DDBDCAB0AF}.Debug|Any CPU.ActiveCfg = Debug|Any CPU
		{CAD997FF-B8E9-42B0-8E95-E9DDBDCAB0AF}.Debug|Any CPU.Build.0 = Debug|Any CPU
		{CAD997FF-B8E9-42B0-8E95-E9DDBDCAB0AF}.Release|Any CPU.ActiveCfg = Release|Any CPU
		{CAD997FF-B8E9-42B0-8E95-E9DDBDCAB0AF}.Release|Any CPU.Build.0 = Release|Any CPU
		{AEF4B74C-DB3D-4F68-B4CD-1FB79E7FE2DD}.Debug|Any CPU.ActiveCfg = Debug|Any CPU
		{AEF4B74C-DB3D-4F68-B4CD-1FB79E7FE2DD}.Debug|Any CPU.Build.0 = Debug|Any CPU
		{AEF4B74C-DB3D-4F68-B4CD-1FB79E7FE2DD}.Release|Any CPU.ActiveCfg = Release|Any CPU
		{AEF4B74C-DB3D-4F68-B4CD-1FB79E7FE2DD}.Release|Any CPU.Build.0 = Release|Any CPU
		{4B3CCE64-9B4D-41F8-92AC-DF2824462553}.Debug|Any CPU.ActiveCfg = Debug|Any CPU
		{4B3CCE64-9B4D-41F8-92AC-DF2824462553}.Debug|Any CPU.Build.0 = Debug|Any CPU
		{4B3CCE64-9B4D-41F8-92AC-DF2824462553}.Release|Any CPU.ActiveCfg = Release|Any CPU
		{4B3CCE64-9B4D-41F8-92AC-DF2824462553}.Release|Any CPU.Build.0 = Release|Any CPU
		{9CEBA004-6F6D-4259-AAF2-4E7E3C655550}.Debug|Any CPU.ActiveCfg = Debug|Any CPU
		{9CEBA004-6F6D-4259-AAF2-4E7E3C655550}.Debug|Any CPU.Build.0 = Debug|Any CPU
		{9CEBA004-6F6D-4259-AAF2-4E7E3C655550}.Release|Any CPU.ActiveCfg = Release|Any CPU
		{9CEBA004-6F6D-4259-AAF2-4E7E3C655550}.Release|Any CPU.Build.0 = Release|Any CPU
		{42333B13-958F-49A8-B80C-42A03B18D71F}.Debug|Any CPU.ActiveCfg = Debug|Any CPU
		{42333B13-958F-49A8-B80C-42A03B18D71F}.Debug|Any CPU.Build.0 = Debug|Any CPU
		{42333B13-958F-49A8-B80C-42A03B18D71F}.Release|Any CPU.ActiveCfg = Release|Any CPU
		{42333B13-958F-49A8-B80C-42A03B18D71F}.Release|Any CPU.Build.0 = Release|Any CPU
		{78981D3E-9E0B-4AFC-BB7C-8F169FA3F54E}.Debug|Any CPU.ActiveCfg = Debug|Any CPU
		{78981D3E-9E0B-4AFC-BB7C-8F169FA3F54E}.Debug|Any CPU.Build.0 = Debug|Any CPU
		{78981D3E-9E0B-4AFC-BB7C-8F169FA3F54E}.Release|Any CPU.ActiveCfg = Release|Any CPU
		{78981D3E-9E0B-4AFC-BB7C-8F169FA3F54E}.Release|Any CPU.Build.0 = Release|Any CPU
		{CDAFB2AA-DC49-44BC-A289-5CA9F8DEC442}.Debug|Any CPU.ActiveCfg = Debug|Any CPU
		{CDAFB2AA-DC49-44BC-A289-5CA9F8DEC442}.Debug|Any CPU.Build.0 = Debug|Any CPU
		{CDAFB2AA-DC49-44BC-A289-5CA9F8DEC442}.Release|Any CPU.ActiveCfg = Release|Any CPU
		{CDAFB2AA-DC49-44BC-A289-5CA9F8DEC442}.Release|Any CPU.Build.0 = Release|Any CPU
		{0A21402C-CCD4-4A40-8456-5D015E39DA5E}.Debug|Any CPU.ActiveCfg = Debug|Any CPU
		{0A21402C-CCD4-4A40-8456-5D015E39DA5E}.Debug|Any CPU.Build.0 = Debug|Any CPU
		{0A21402C-CCD4-4A40-8456-5D015E39DA5E}.Release|Any CPU.ActiveCfg = Release|Any CPU
		{0A21402C-CCD4-4A40-8456-5D015E39DA5E}.Release|Any CPU.Build.0 = Release|Any CPU
		{17FB16E9-461D-4C70-B7F6-5298CEFA966B}.Debug|Any CPU.ActiveCfg = Debug|Any CPU
		{17FB16E9-461D-4C70-B7F6-5298CEFA966B}.Debug|Any CPU.Build.0 = Debug|Any CPU
		{17FB16E9-461D-4C70-B7F6-5298CEFA966B}.Release|Any CPU.ActiveCfg = Release|Any CPU
		{17FB16E9-461D-4C70-B7F6-5298CEFA966B}.Release|Any CPU.Build.0 = Release|Any CPU
		{A3C62D1E-8815-4D7A-A7AA-BEEF132EAF85}.Debug|Any CPU.ActiveCfg = Debug|Any CPU
		{A3C62D1E-8815-4D7A-A7AA-BEEF132EAF85}.Debug|Any CPU.Build.0 = Debug|Any CPU
		{A3C62D1E-8815-4D7A-A7AA-BEEF132EAF85}.Release|Any CPU.ActiveCfg = Release|Any CPU
		{A3C62D1E-8815-4D7A-A7AA-BEEF132EAF85}.Release|Any CPU.Build.0 = Release|Any CPU
		{A72AF270-E469-4BFD-A08B-9C3F2673129C}.Debug|Any CPU.ActiveCfg = Debug|Any CPU
		{A72AF270-E469-4BFD-A08B-9C3F2673129C}.Debug|Any CPU.Build.0 = Debug|Any CPU
		{A72AF270-E469-4BFD-A08B-9C3F2673129C}.Release|Any CPU.ActiveCfg = Release|Any CPU
		{A72AF270-E469-4BFD-A08B-9C3F2673129C}.Release|Any CPU.Build.0 = Release|Any CPU
	EndGlobalSection
	GlobalSection(SolutionProperties) = preSolution
		HideSolutionNode = FALSE
	EndGlobalSection
	GlobalSection(NestedProjects) = preSolution
		{8A0244E4-B314-4B4C-93AA-4667800D5B10} = {D180F5C9-5F4C-46A3-B686-C0F4C69A0FAB}
		{140D02BA-5530-41F1-BED8-B507091E6CEA} = {EB681C1D-C2A9-4756-9462-22C2D8D7DA87}
		{293A6CDE-B851-423E-BB9A-6E7D4E7D6A07} = {EB681C1D-C2A9-4756-9462-22C2D8D7DA87}
		{CAD997FF-B8E9-42B0-8E95-E9DDBDCAB0AF} = {EB681C1D-C2A9-4756-9462-22C2D8D7DA87}
		{AEF4B74C-DB3D-4F68-B4CD-1FB79E7FE2DD} = {08514890-E9DF-43E4-AD59-A48318CCD152}
		{4B3CCE64-9B4D-41F8-92AC-DF2824462553} = {08514890-E9DF-43E4-AD59-A48318CCD152}
		{9CEBA004-6F6D-4259-AAF2-4E7E3C655550} = {08514890-E9DF-43E4-AD59-A48318CCD152}
		{42333B13-958F-49A8-B80C-42A03B18D71F} = {08514890-E9DF-43E4-AD59-A48318CCD152}
		{78981D3E-9E0B-4AFC-BB7C-8F169FA3F54E} = {A0F491FD-1189-4C91-85C7-E714E2500EB3}
		{CDAFB2AA-DC49-44BC-A289-5CA9F8DEC442} = {A0F491FD-1189-4C91-85C7-E714E2500EB3}
		{0A21402C-CCD4-4A40-8456-5D015E39DA5E} = {A0F491FD-1189-4C91-85C7-E714E2500EB3}
		{17FB16E9-461D-4C70-B7F6-5298CEFA966B} = {33C589D5-7471-49E1-A929-73724CB66A71}
		{A3C62D1E-8815-4D7A-A7AA-BEEF132EAF85} = {9C152141-300B-46CA-9C80-76B6E67030B6}
		{A72AF270-E469-4BFD-A08B-9C3F2673129C} = {C154F302-B985-4C67-8F93-1CA378B29028}
	EndGlobalSection
	GlobalSection(ExtensibilityGlobals) = postSolution
		SolutionGuid = {48040007-0519-4CBA-8293-C2B8B2DFD501}
	EndGlobalSection
EndGlobal
